
Microsoft Visual Studio Solution File, Format Version 12.00
# Visual Studio 15
VisualStudioVersion = 15.0.28010.2016
MinimumVisualStudioVersion = 10.0.40219.1
Project("{FAE04EC0-301F-11D3-BF4B-00C04F79EFBC}") = "Models", "Models\Models.csproj", "{07EC5C77-9433-4A71-8ABF-35A5F292BA0F}"
EndProject
Project("{FAE04EC0-301F-11D3-BF4B-00C04F79EFBC}") = "Tools", "Tools\Tools.csproj", "{A9367F16-E209-4EAB-8399-3DE37A42DBD9}"
EndProject
Project("{FAE04EC0-301F-11D3-BF4B-00C04F79EFBC}") = "TradingMall", "TradingMall\TradingMall.csproj", "{8F5AA6D2-AEFF-4703-9A97-1E1A0DA075C3}"
EndProject
Global
	GlobalSection(SolutionConfigurationPlatforms) = preSolution
		Debug|Any CPU = Debug|Any CPU
		Release|Any CPU = Release|Any CPU
	EndGlobalSection
	GlobalSection(ProjectConfigurationPlatforms) = postSolution
		{07EC5C77-9433-4A71-8ABF-35A5F292BA0F}.Debug|Any CPU.ActiveCfg = Debug|Any CPU
		{07EC5C77-9433-4A71-8ABF-35A5F292BA0F}.Debug|Any CPU.Build.0 = Debug|Any CPU
		{07EC5C77-9433-4A71-8ABF-35A5F292BA0F}.Release|Any CPU.ActiveCfg = Release|Any CPU
		{07EC5C77-9433-4A71-8ABF-35A5F292BA0F}.Release|Any CPU.Build.0 = Release|Any CPU
		{A9367F16-E209-4EAB-8399-3DE37A42DBD9}.Debug|Any CPU.ActiveCfg = Debug|Any CPU
		{A9367F16-E209-4EAB-8399-3DE37A42DBD9}.Debug|Any CPU.Build.0 = Debug|Any CPU
		{A9367F16-E209-4EAB-8399-3DE37A42DBD9}.Release|Any CPU.ActiveCfg = Release|Any CPU
		{A9367F16-E209-4EAB-8399-3DE37A42DBD9}.Release|Any CPU.Build.0 = Release|Any CPU
		{8F5AA6D2-AEFF-4703-9A97-1E1A0DA075C3}.Debug|Any CPU.ActiveCfg = Debug|Any CPU
		{8F5AA6D2-AEFF-4703-9A97-1E1A0DA075C3}.Debug|Any CPU.Build.0 = Debug|Any CPU
		{8F5AA6D2-AEFF-4703-9A97-1E1A0DA075C3}.Release|Any CPU.ActiveCfg = Release|Any CPU
		{8F5AA6D2-AEFF-4703-9A97-1E1A0DA075C3}.Release|Any CPU.Build.0 = Release|Any CPU
	EndGlobalSection
	GlobalSection(SolutionProperties) = preSolution
		HideSolutionNode = FALSE
	EndGlobalSection
	GlobalSection(ExtensibilityGlobals) = postSolution
		SolutionGuid = {98305894-824C-42E2-815B-AF0C1E6D3323}
	EndGlobalSection
EndGlobal
