
Microsoft Visual Studio Solution File, Format Version 12.00
# Visual Studio 15
VisualStudioVersion = 15.0.28010.2016
MinimumVisualStudioVersion = 10.0.40219.1
Project("{FAE04EC0-301F-11D3-BF4B-00C04F79EFBC}") = "Blog", "Blog\Blog.csproj", "{C8CFD96C-6447-4307-B9BD-289A3304D514}"
EndProject
Project("{FAE04EC0-301F-11D3-BF4B-00C04F79EFBC}") = "Blog.Tests", "Blog.Tests\Blog.Tests.csproj", "{D8122155-9883-4D6A-85CB-BCE262BF1B4C}"
EndProject
Global
	GlobalSection(SolutionConfigurationPlatforms) = preSolution
		Debug|Any CPU = Debug|Any CPU
		Release|Any CPU = Release|Any CPU
	EndGlobalSection
	GlobalSection(ProjectConfigurationPlatforms) = postSolution
		{C8CFD96C-6447-4307-B9BD-289A3304D514}.Debug|Any CPU.ActiveCfg = Debug|Any CPU
		{C8CFD96C-6447-4307-B9BD-289A3304D514}.Debug|Any CPU.Build.0 = Debug|Any CPU
		{C8CFD96C-6447-4307-B9BD-289A3304D514}.Release|Any CPU.ActiveCfg = Release|Any CPU
		{C8CFD96C-6447-4307-B9BD-289A3304D514}.Release|Any CPU.Build.0 = Release|Any CPU
		{D8122155-9883-4D6A-85CB-BCE262BF1B4C}.Debug|Any CPU.ActiveCfg = Debug|Any CPU
		{D8122155-9883-4D6A-85CB-BCE262BF1B4C}.Debug|Any CPU.Build.0 = Debug|Any CPU
		{D8122155-9883-4D6A-85CB-BCE262BF1B4C}.Release|Any CPU.ActiveCfg = Release|Any CPU
		{D8122155-9883-4D6A-85CB-BCE262BF1B4C}.Release|Any CPU.Build.0 = Release|Any CPU
	EndGlobalSection
	GlobalSection(SolutionProperties) = preSolution
		HideSolutionNode = FALSE
	EndGlobalSection
	GlobalSection(ExtensibilityGlobals) = postSolution
		SolutionGuid = {92B96924-A92A-485B-A9F3-F7A95B4F8073}
	EndGlobalSection
EndGlobal
