
Microsoft Visual Studio Solution File, Format Version 12.00
# Visual Studio 2013
VisualStudioVersion = 12.0.40629.0
MinimumVisualStudioVersion = 10.0.40219.1
Project("{FAE04EC0-301F-11D3-BF4B-00C04F79EFBC}") = "second", "second\second.csproj", "{50F7B142-16DD-4C89-80FD-49D4FC8D083A}"
EndProject
Global
	GlobalSection(SolutionConfigurationPlatforms) = preSolution
		Debug|Any CPU = Debug|Any CPU
		Release|Any CPU = Release|Any CPU
	EndGlobalSection
	GlobalSection(ProjectConfigurationPlatforms) = postSolution
		{50F7B142-16DD-4C89-80FD-49D4FC8D083A}.Debug|Any CPU.ActiveCfg = Debug|Any CPU
		{50F7B142-16DD-4C89-80FD-49D4FC8D083A}.Debug|Any CPU.Build.0 = Debug|Any CPU
		{50F7B142-16DD-4C89-80FD-49D4FC8D083A}.Release|Any CPU.ActiveCfg = Release|Any CPU
		{50F7B142-16DD-4C89-80FD-49D4FC8D083A}.Release|Any CPU.Build.0 = Release|Any CPU
	EndGlobalSection
	GlobalSection(SolutionProperties) = preSolution
		HideSolutionNode = FALSE
	EndGlobalSection
EndGlobal
