
Microsoft Visual Studio Solution File, Format Version 12.00
# Visual Studio 15
VisualStudioVersion = 15.0.28010.2036
MinimumVisualStudioVersion = 10.0.40219.1
Project("{FAE04EC0-301F-11D3-BF4B-00C04F79EFBC}") = "Practices", "Practices\Practices.csproj", "{DB2C7AB1-1BF0-471D-B074-B753F4B04C01}"
EndProject
Global
	GlobalSection(SolutionConfigurationPlatforms) = preSolution
		Debug|Any CPU = Debug|Any CPU
		Release|Any CPU = Release|Any CPU
	EndGlobalSection
	GlobalSection(ProjectConfigurationPlatforms) = postSolution
		{DB2C7AB1-1BF0-471D-B074-B753F4B04C01}.Debug|Any CPU.ActiveCfg = Debug|Any CPU
		{DB2C7AB1-1BF0-471D-B074-B753F4B04C01}.Debug|Any CPU.Build.0 = Debug|Any CPU
		{DB2C7AB1-1BF0-471D-B074-B753F4B04C01}.Release|Any CPU.ActiveCfg = Release|Any CPU
		{DB2C7AB1-1BF0-471D-B074-B753F4B04C01}.Release|Any CPU.Build.0 = Release|Any CPU
	EndGlobalSection
	GlobalSection(SolutionProperties) = preSolution
		HideSolutionNode = FALSE
	EndGlobalSection
	GlobalSection(ExtensibilityGlobals) = postSolution
		SolutionGuid = {EDE0EFF5-DA6D-46C2-86B8-71B47A28C948}
	EndGlobalSection
EndGlobal
